
Microsoft Visual Studio Solution File, Format Version 12.00
# Visual Studio Version 18
VisualStudioVersion = 18.0.11222.15 d18.0
MinimumVisualStudioVersion = 10.0.40219.1
Project("{FAE04EC0-301F-11D3-BF4B-00C04F79EFBC}") = "Server", "Server\Server.csproj", "{70E4C86C-CC4B-4043-A212-5273558C3C58}"
EndProject
Project("{FAE04EC0-301F-11D3-BF4B-00C04F79EFBC}") = "Client", "Client\Client.csproj", "{2963F63D-ACCB-4E49-9E9A-B524B94D39D8}"
EndProject
Project("{FAE04EC0-301F-11D3-BF4B-00C04F79EFBC}") = "Shared", "Shared\Shared.csproj", "{FA677D8F-B920-4548-B5AA-577243048340}"
EndProject
Project("{FAE04EC0-301F-11D3-BF4B-00C04F79EFBC}") = "Server.Tests", "Server.Tests\Server.Tests.csproj", "{3BBA37E6-C0EF-4A9F-BE81-0E763AFB2AE3}"
EndProject
Global
	GlobalSection(SolutionConfigurationPlatforms) = preSolution
		Debug|Any CPU = Debug|Any CPU
		Release|Any CPU = Release|Any CPU
	EndGlobalSection
	GlobalSection(ProjectConfigurationPlatforms) = postSolution
		{70E4C86C-CC4B-4043-A212-5273558C3C58}.Debug|Any CPU.ActiveCfg = Debug|Any CPU
		{70E4C86C-CC4B-4043-A212-5273558C3C58}.Debug|Any CPU.Build.0 = Debug|Any CPU
		{70E4C86C-CC4B-4043-A212-5273558C3C58}.Release|Any CPU.ActiveCfg = Release|Any CPU
		{70E4C86C-CC4B-4043-A212-5273558C3C58}.Release|Any CPU.Build.0 = Release|Any CPU
		{2963F63D-ACCB-4E49-9E9A-B524B94D39D8}.Debug|Any CPU.ActiveCfg = Debug|Any CPU
		{2963F63D-ACCB-4E49-9E9A-B524B94D39D8}.Debug|Any CPU.Build.0 = Debug|Any CPU
		{2963F63D-ACCB-4E49-9E9A-B524B94D39D8}.Release|Any CPU.ActiveCfg = Release|Any CPU
		{2963F63D-ACCB-4E49-9E9A-B524B94D39D8}.Release|Any CPU.Build.0 = Release|Any CPU
		{FA677D8F-B920-4548-B5AA-577243048340}.Debug|Any CPU.ActiveCfg = Debug|Any CPU
		{FA677D8F-B920-4548-B5AA-577243048340}.Debug|Any CPU.Build.0 = Debug|Any CPU
		{FA677D8F-B920-4548-B5AA-577243048340}.Release|Any CPU.ActiveCfg = Release|Any CPU
		{FA677D8F-B920-4548-B5AA-577243048340}.Release|Any CPU.Build.0 = Release|Any CPU
		{3BBA37E6-C0EF-4A9F-BE81-0E763AFB2AE3}.Debug|Any CPU.ActiveCfg = Debug|Any CPU
		{3BBA37E6-C0EF-4A9F-BE81-0E763AFB2AE3}.Debug|Any CPU.Build.0 = Debug|Any CPU
		{3BBA37E6-C0EF-4A9F-BE81-0E763AFB2AE3}.Release|Any CPU.ActiveCfg = Release|Any CPU
		{3BBA37E6-C0EF-4A9F-BE81-0E763AFB2AE3}.Release|Any CPU.Build.0 = Release|Any CPU
	EndGlobalSection
	GlobalSection(SolutionProperties) = preSolution
		HideSolutionNode = FALSE
	EndGlobalSection
	GlobalSection(ExtensibilityGlobals) = postSolution
		SolutionGuid = {B0520287-8677-4C85-B8F8-6E386A784A7B}
	EndGlobalSection
EndGlobal
